
Microsoft Visual Studio Solution File, Format Version 12.00
# Visual Studio Version 16
VisualStudioVersion = 16.0.31410.223
MinimumVisualStudioVersion = 10.0.40219.1
Project("{8BC9CEB8-8B4A-11D0-8D11-00A0C91BC942}") = "two-vector-based-dequeue", "two-vector-based-dequeue\two-vector-based-dequeue.vcxproj", "{ED9C24FE-9AD6-42AD-BA88-FF515110DF63}"
EndProject
Global
	GlobalSection(SolutionConfigurationPlatforms) = preSolution
		Debug|x64 = Debug|x64
		Debug|x86 = Debug|x86
		Release|x64 = Release|x64
		Release|x86 = Release|x86
	EndGlobalSection
	GlobalSection(ProjectConfigurationPlatforms) = postSolution
		{ED9C24FE-9AD6-42AD-BA88-FF515110DF63}.Debug|x64.ActiveCfg = Debug|x64
		{ED9C24FE-9AD6-42AD-BA88-FF515110DF63}.Debug|x64.Build.0 = Debug|x64
		{ED9C24FE-9AD6-42AD-BA88-FF515110DF63}.Debug|x86.ActiveCfg = Debug|Win32
		{ED9C24FE-9AD6-42AD-BA88-FF515110DF63}.Debug|x86.Build.0 = Debug|Win32
		{ED9C24FE-9AD6-42AD-BA88-FF515110DF63}.Release|x64.ActiveCfg = Release|x64
		{ED9C24FE-9AD6-42AD-BA88-FF515110DF63}.Release|x64.Build.0 = Release|x64
		{ED9C24FE-9AD6-42AD-BA88-FF515110DF63}.Release|x86.ActiveCfg = Release|Win32
		{ED9C24FE-9AD6-42AD-BA88-FF515110DF63}.Release|x86.Build.0 = Release|Win32
	EndGlobalSection
	GlobalSection(SolutionProperties) = preSolution
		HideSolutionNode = FALSE
	EndGlobalSection
	GlobalSection(ExtensibilityGlobals) = postSolution
		SolutionGuid = {F3877C94-55DA-4087-A812-58011792737F}
	EndGlobalSection
EndGlobal
